// !$*UTF8*$!
{
	archiveVersion = 1;
	classes = {
	};
	objectVersion = 48;
	objects = {

/* Begin PBXBuildFile section */
		881DA1D01F4FF5E5002EA00D /* SCNNodeVisualDebugger.framework in Frameworks */ = {isa = PBXBuildFile; fileRef = 88DBBBA11F4FF5AC00306473 /* SCNNodeVisualDebugger.framework */; };
		881DA1D11F4FF5E5002EA00D /* SCNNodeVisualDebugger.framework in Embed Frameworks */ = {isa = PBXBuildFile; fileRef = 88DBBBA11F4FF5AC00306473 /* SCNNodeVisualDebugger.framework */; settings = {ATTRIBUTES = (CodeSignOnCopy, RemoveHeadersOnCopy, ); }; };
		8865E3361F4FF2E600175A8C /* AppDelegate.swift in Sources */ = {isa = PBXBuildFile; fileRef = 8865E3351F4FF2E600175A8C /* AppDelegate.swift */; };
		8865E3381F4FF2E600175A8C /* art.scnassets in Resources */ = {isa = PBXBuildFile; fileRef = 8865E3371F4FF2E600175A8C /* art.scnassets */; };
		8865E33A1F4FF2E600175A8C /* DemoViewController.swift in Sources */ = {isa = PBXBuildFile; fileRef = 8865E3391F4FF2E600175A8C /* DemoViewController.swift */; };
		8865E33D1F4FF2E600175A8C /* Main.storyboard in Resources */ = {isa = PBXBuildFile; fileRef = 8865E33B1F4FF2E600175A8C /* Main.storyboard */; };
		8865E33F1F4FF2E600175A8C /* Assets.xcassets in Resources */ = {isa = PBXBuildFile; fileRef = 8865E33E1F4FF2E600175A8C /* Assets.xcassets */; };
		8865E3421F4FF2E600175A8C /* LaunchScreen.storyboard in Resources */ = {isa = PBXBuildFile; fileRef = 8865E3401F4FF2E600175A8C /* LaunchScreen.storyboard */; };
/* End PBXBuildFile section */

/* Begin PBXContainerItemProxy section */
		881DA1D21F4FF5E5002EA00D /* PBXContainerItemProxy */ = {
			isa = PBXContainerItemProxy;
			containerPortal = 88DBBB9B1F4FF5AB00306473 /* SCNNodeVisualDebugger.xcodeproj */;
			proxyType = 1;
			remoteGlobalIDString = 882CA9381F45A65E002FD8DA;
			remoteInfo = SCNNodeVisualDebugger;
		};
		88DBBBA01F4FF5AC00306473 /* PBXContainerItemProxy */ = {
			isa = PBXContainerItemProxy;
			containerPortal = 88DBBB9B1F4FF5AB00306473 /* SCNNodeVisualDebugger.xcodeproj */;
			proxyType = 2;
			remoteGlobalIDString = 882CA9391F45A65E002FD8DA;
			remoteInfo = SCNNodeVisualDebugger;
		};
		88DBBBA21F4FF5AC00306473 /* PBXContainerItemProxy */ = {
			isa = PBXContainerItemProxy;
			containerPortal = 88DBBB9B1F4FF5AB00306473 /* SCNNodeVisualDebugger.xcodeproj */;
			proxyType = 2;
			remoteGlobalIDString = 882CA9421F45A65E002FD8DA;
			remoteInfo = SCNNodeVisualDebuggerTests;
		};
/* End PBXContainerItemProxy section */

/* Begin PBXCopyFilesBuildPhase section */
		881DA1D41F4FF5E6002EA00D /* Embed Frameworks */ = {
			isa = PBXCopyFilesBuildPhase;
			buildActionMask = 2147483647;
			dstPath = "";
			dstSubfolderSpec = 10;
			files = (
				881DA1D11F4FF5E5002EA00D /* SCNNodeVisualDebugger.framework in Embed Frameworks */,
			);
			name = "Embed Frameworks";
			runOnlyForDeploymentPostprocessing = 0;
		};
/* End PBXCopyFilesBuildPhase section */

/* Begin PBXFileReference section */
		8865E3321F4FF2E600175A8C /* ARKitSample.app */ = {isa = PBXFileReference; explicitFileType = wrapper.application; includeInIndex = 0; path = ARKitSample.app; sourceTree = BUILT_PRODUCTS_DIR; };
		8865E3351F4FF2E600175A8C /* AppDelegate.swift */ = {isa = PBXFileReference; lastKnownFileType = sourcecode.swift; path = AppDelegate.swift; sourceTree = "<group>"; };
		8865E3371F4FF2E600175A8C /* art.scnassets */ = {isa = PBXFileReference; lastKnownFileType = wrapper.scnassets; path = art.scnassets; sourceTree = "<group>"; };
		8865E3391F4FF2E600175A8C /* DemoViewController.swift */ = {isa = PBXFileReference; lastKnownFileType = sourcecode.swift; path = DemoViewController.swift; sourceTree = "<group>"; };
		8865E33C1F4FF2E600175A8C /* Base */ = {isa = PBXFileReference; lastKnownFileType = file.storyboard; name = Base; path = Base.lproj/Main.storyboard; sourceTree = "<group>"; };
		8865E33E1F4FF2E600175A8C /* Assets.xcassets */ = {isa = PBXFileReference; lastKnownFileType = folder.assetcatalog; path = Assets.xcassets; sourceTree = "<group>"; };
		8865E3411F4FF2E600175A8C /* Base */ = {isa = PBXFileReference; lastKnownFileType = file.storyboard; name = Base; path = Base.lproj/LaunchScreen.storyboard; sourceTree = "<group>"; };
		8865E3431F4FF2E600175A8C /* Info.plist */ = {isa = PBXFileReference; lastKnownFileType = text.plist.xml; path = Info.plist; sourceTree = "<group>"; };
		88DBBB9B1F4FF5AB00306473 /* SCNNodeVisualDebugger.xcodeproj */ = {isa = PBXFileReference; lastKnownFileType = "wrapper.pb-project"; name = SCNNodeVisualDebugger.xcodeproj; path = ../SCNNodeVisualDebugger.xcodeproj; sourceTree = "<group>"; };
/* End PBXFileReference section */

/* Begin PBXFrameworksBuildPhase section */
		8865E32F1F4FF2E600175A8C /* Frameworks */ = {
			isa = PBXFrameworksBuildPhase;
			buildActionMask = 2147483647;
			files = (
				881DA1D01F4FF5E5002EA00D /* SCNNodeVisualDebugger.framework in Frameworks */,
			);
			runOnlyForDeploymentPostprocessing = 0;
		};
/* End PBXFrameworksBuildPhase section */

/* Begin PBXGroup section */
		8865E3291F4FF2E600175A8C = {
			isa = PBXGroup;
			children = (
				88DBBB9B1F4FF5AB00306473 /* SCNNodeVisualDebugger.xcodeproj */,
				8865E3341F4FF2E600175A8C /* ARKitSample */,
				8865E3331F4FF2E600175A8C /* Products */,
			);
			sourceTree = "<group>";
		};
		8865E3331F4FF2E600175A8C /* Products */ = {
			isa = PBXGroup;
			children = (
				8865E3321F4FF2E600175A8C /* ARKitSample.app */,
			);
			name = Products;
			sourceTree = "<group>";
		};
		8865E3341F4FF2E600175A8C /* ARKitSample */ = {
			isa = PBXGroup;
			children = (
				8865E3351F4FF2E600175A8C /* AppDelegate.swift */,
				8865E3371F4FF2E600175A8C /* art.scnassets */,
				8865E3391F4FF2E600175A8C /* DemoViewController.swift */,
				8865E33B1F4FF2E600175A8C /* Main.storyboard */,
				8865E33E1F4FF2E600175A8C /* Assets.xcassets */,
				8865E3401F4FF2E600175A8C /* LaunchScreen.storyboard */,
				8865E3431F4FF2E600175A8C /* Info.plist */,
			);
			path = ARKitSample;
			sourceTree = "<group>";
		};
		88DBBB9C1F4FF5AB00306473 /* Products */ = {
			isa = PBXGroup;
			children = (
				88DBBBA11F4FF5AC00306473 /* SCNNodeVisualDebugger.framework */,
				88DBBBA31F4FF5AC00306473 /* SCNNodeVisualDebuggerTests.xctest */,
			);
			name = Products;
			sourceTree = "<group>";
		};
/* End PBXGroup section */

/* Begin PBXNativeTarget section */
		8865E3311F4FF2E600175A8C /* ARKitSample */ = {
			isa = PBXNativeTarget;
			buildConfigurationList = 8865E3461F4FF2E600175A8C /* Build configuration list for PBXNativeTarget "ARKitSample" */;
			buildPhases = (
				8865E32E1F4FF2E600175A8C /* Sources */,
				8865E32F1F4FF2E600175A8C /* Frameworks */,
				8865E3301F4FF2E600175A8C /* Resources */,
				881DA1D41F4FF5E6002EA00D /* Embed Frameworks */,
			);
			buildRules = (
			);
			dependencies = (
				881DA1D31F4FF5E5002EA00D /* PBXTargetDependency */,
			);
			name = ARKitSample;
			productName = ARKitSample;
			productReference = 8865E3321F4FF2E600175A8C /* ARKitSample.app */;
			productType = "com.apple.product-type.application";
		};
/* End PBXNativeTarget section */

/* Begin PBXProject section */
		8865E32A1F4FF2E600175A8C /* Project object */ = {
			isa = PBXProject;
			attributes = {
				LastSwiftUpdateCheck = 0900;
				LastUpgradeCheck = 0900;
				ORGANIZATIONNAME = Handsome;
				TargetAttributes = {
					8865E3311F4FF2E600175A8C = {
						CreatedOnToolsVersion = 9.0;
					};
				};
			};
			buildConfigurationList = 8865E32D1F4FF2E600175A8C /* Build configuration list for PBXProject "ARKitSample" */;
			compatibilityVersion = "Xcode 8.0";
			developmentRegion = en;
			hasScannedForEncodings = 0;
			knownRegions = (
				en,
				Base,
			);
			mainGroup = 8865E3291F4FF2E600175A8C;
			productRefGroup = 8865E3331F4FF2E600175A8C /* Products */;
			projectDirPath = "";
			projectReferences = (
				{
					ProductGroup = 88DBBB9C1F4FF5AB00306473 /* Products */;
					ProjectRef = 88DBBB9B1F4FF5AB00306473 /* SCNNodeVisualDebugger.xcodeproj */;
				},
			);
			projectRoot = "";
			targets = (
				8865E3311F4FF2E600175A8C /* ARKitSample */,
			);
		};
/* End PBXProject section */

/* Begin PBXReferenceProxy section */
		88DBBBA11F4FF5AC00306473 /* SCNNodeVisualDebugger.framework */ = {
			isa = PBXReferenceProxy;
			fileType = wrapper.framework;
			path = SCNNodeVisualDebugger.framework;
			remoteRef = 88DBBBA01F4FF5AC00306473 /* PBXContainerItemProxy */;
			sourceTree = BUILT_PRODUCTS_DIR;
		};
		88DBBBA31F4FF5AC00306473 /* SCNNodeVisualDebuggerTests.xctest */ = {
			isa = PBXReferenceProxy;
			fileType = wrapper.cfbundle;
			path = SCNNodeVisualDebuggerTests.xctest;
			remoteRef = 88DBBBA21F4FF5AC00306473 /* PBXContainerItemProxy */;
			sourceTree = BUILT_PRODUCTS_DIR;
		};
/* End PBXReferenceProxy section */

/* Begin PBXResourcesBuildPhase section */
		8865E3301F4FF2E600175A8C /* Resources */ = {
			isa = PBXResourcesBuildPhase;
			buildActionMask = 2147483647;
			files = (
				8865E3381F4FF2E600175A8C /* art.scnassets in Resources */,
				8865E3421F4FF2E600175A8C /* LaunchScreen.storyboard in Resources */,
				8865E33F1F4FF2E600175A8C /* Assets.xcassets in Resources */,
				8865E33D1F4FF2E600175A8C /* Main.storyboard in Resources */,
			);
			runOnlyForDeploymentPostprocessing = 0;
		};
/* End PBXResourcesBuildPhase section */

/* Begin PBXSourcesBuildPhase section */
		8865E32E1F4FF2E600175A8C /* Sources */ = {
			isa = PBXSourcesBuildPhase;
			buildActionMask = 2147483647;
			files = (
				8865E33A1F4FF2E600175A8C /* DemoViewController.swift in Sources */,
				8865E3361F4FF2E600175A8C /* AppDelegate.swift in Sources */,
			);
			runOnlyForDeploymentPostprocessing = 0;
		};
/* End PBXSourcesBuildPhase section */

/* Begin PBXTargetDependency section */
		881DA1D31F4FF5E5002EA00D /* PBXTargetDependency */ = {
			isa = PBXTargetDependency;
			name = SCNNodeVisualDebugger;
			targetProxy = 881DA1D21F4FF5E5002EA00D /* PBXContainerItemProxy */;
		};
/* End PBXTargetDependency section */

/* Begin PBXVariantGroup section */
		8865E33B1F4FF2E600175A8C /* Main.storyboard */ = {
			isa = PBXVariantGroup;
			children = (
				8865E33C1F4FF2E600175A8C /* Base */,
			);
			name = Main.storyboard;
			sourceTree = "<group>";
		};
		8865E3401F4FF2E600175A8C /* LaunchScreen.storyboard */ = {
			isa = PBXVariantGroup;
			children = (
				8865E3411F4FF2E600175A8C /* Base */,
			);
			name = LaunchScreen.storyboard;
			sourceTree = "<group>";
		};
/* End PBXVariantGroup section */

/* Begin XCBuildConfiguration section */
		8865E3441F4FF2E600175A8C /* Debug */ = {
			isa = XCBuildConfiguration;
			buildSettings = {
				ALWAYS_SEARCH_USER_PATHS = NO;
				CLANG_ANALYZER_NONNULL = YES;
				CLANG_ANALYZER_NUMBER_OBJECT_CONVERSION = YES_AGGRESSIVE;
				CLANG_CXX_LANGUAGE_STANDARD = "gnu++14";
				CLANG_CXX_LIBRARY = "libc++";
				CLANG_ENABLE_MODULES = YES;
				CLANG_ENABLE_OBJC_ARC = YES;
				CLANG_WARN_BLOCK_CAPTURE_AUTORELEASING = YES;
				CLANG_WARN_BOOL_CONVERSION = YES;
				CLANG_WARN_COMMA = YES;
				CLANG_WARN_CONSTANT_CONVERSION = YES;
				CLANG_WARN_DIRECT_OBJC_ISA_USAGE = YES_ERROR;
				CLANG_WARN_DOCUMENTATION_COMMENTS = YES;
				CLANG_WARN_EMPTY_BODY = YES;
				CLANG_WARN_ENUM_CONVERSION = YES;
				CLANG_WARN_INFINITE_RECURSION = YES;
				CLANG_WARN_INT_CONVERSION = YES;
				CLANG_WARN_NON_LITERAL_NULL_CONVERSION = YES;
				CLANG_WARN_OBJC_LITERAL_CONVERSION = YES;
				CLANG_WARN_OBJC_ROOT_CLASS = YES_ERROR;
				CLANG_WARN_RANGE_LOOP_ANALYSIS = YES;
				CLANG_WARN_STRICT_PROTOTYPES = YES;
				CLANG_WARN_SUSPICIOUS_MOVE = YES;
				CLANG_WARN_UNGUARDED_AVAILABILITY = YES_AGGRESSIVE;
				CLANG_WARN_UNREACHABLE_CODE = YES;
				CLANG_WARN__DUPLICATE_METHOD_MATCH = YES;
				CODE_SIGN_IDENTITY = "iPhone Developer";
				COPY_PHASE_STRIP = NO;
				DEBUG_INFORMATION_FORMAT = dwarf;
				ENABLE_STRICT_OBJC_MSGSEND = YES;
				ENABLE_TESTABILITY = YES;
				GCC_C_LANGUAGE_STANDARD = gnu11;
				GCC_DYNAMIC_NO_PIC = NO;
				GCC_NO_COMMON_BLOCKS = YES;
				GCC_OPTIMIZATION_LEVEL = 0;
				GCC_PREPROCESSOR_DEFINITIONS = (
					"DEBUG=1",
					"$(inherited)",
				);
				GCC_WARN_64_TO_32_BIT_CONVERSION = YES;
				GCC_WARN_ABOUT_RETURN_TYPE = YES_ERROR;
				GCC_WARN_UNDECLARED_SELECTOR = YES;
				GCC_WARN_UNINITIALIZED_AUTOS = YES_AGGRESSIVE;
				GCC_WARN_UNUSED_FUNCTION = YES;
				GCC_WARN_UNUSED_VARIABLE = YES;
				IPHONEOS_DEPLOYMENT_TARGET = 11.0;
				MTL_ENABLE_DEBUG_INFO = YES;
				ONLY_ACTIVE_ARCH = YES;
				SDKROOT = iphoneos;
				SWIFT_ACTIVE_COMPILATION_CONDITIONS = DEBUG;
				SWIFT_OPTIMIZATION_LEVEL = "-Onone";
			};
			name = Debug;
		};
		8865E3451F4FF2E600175A8C /* Release */ = {
			isa = XCBuildConfiguration;
			buildSettings = {
				ALWAYS_SEARCH_USER_PATHS = NO;
				CLANG_ANALYZER_NONNULL = YES;
				CLANG_ANALYZER_NUMBER_OBJECT_CONVERSION = YES_AGGRESSIVE;
				CLANG_CXX_LANGUAGE_STANDARD = "gnu++14";
				CLANG_CXX_LIBRARY = "libc++";
				CLANG_ENABLE_MODULES = YES;
				CLANG_ENABLE_OBJC_ARC = YES;
				CLANG_WARN_BLOCK_CAPTURE_AUTORELEASING = YES;
				CLANG_WARN_BOOL_CONVERSION = YES;
				CLANG_WARN_COMMA = YES;
				CLANG_WARN_CONSTANT_CONVERSION = YES;
				CLANG_WARN_DIRECT_OBJC_ISA_USAGE = YES_ERROR;
				CLANG_WARN_DOCUMENTATION_COMMENTS = YES;
				CLANG_WARN_EMPTY_BODY = YES;
				CLANG_WARN_ENUM_CONVERSION = YES;
				CLANG_WARN_INFINITE_RECURSION = YES;
				CLANG_WARN_INT_CONVERSION = YES;
				CLANG_WARN_NON_LITERAL_NULL_CONVERSION = YES;
				CLANG_WARN_OBJC_LITERAL_CONVERSION = YES;
				CLANG_WARN_OBJC_ROOT_CLASS = YES_ERROR;
				CLANG_WARN_RANGE_LOOP_ANALYSIS = YES;
				CLANG_WARN_STRICT_PROTOTYPES = YES;
				CLANG_WARN_SUSPICIOUS_MOVE = YES;
				CLANG_WARN_UNGUARDED_AVAILABILITY = YES_AGGRESSIVE;
				CLANG_WARN_UNREACHABLE_CODE = YES;
				CLANG_WARN__DUPLICATE_METHOD_MATCH = YES;
				CODE_SIGN_IDENTITY = "iPhone Developer";
				COPY_PHASE_STRIP = NO;
				DEBUG_INFORMATION_FORMAT = "dwarf-with-dsym";
				ENABLE_NS_ASSERTIONS = NO;
				ENABLE_STRICT_OBJC_MSGSEND = YES;
				GCC_C_LANGUAGE_STANDARD = gnu11;
				GCC_NO_COMMON_BLOCKS = YES;
				GCC_WARN_64_TO_32_BIT_CONVERSION = YES;
				GCC_WARN_ABOUT_RETURN_TYPE = YES_ERROR;
				GCC_WARN_UNDECLARED_SELECTOR = YES;
				GCC_WARN_UNINITIALIZED_AUTOS = YES_AGGRESSIVE;
				GCC_WARN_UNUSED_FUNCTION = YES;
				GCC_WARN_UNUSED_VARIABLE = YES;
				IPHONEOS_DEPLOYMENT_TARGET = 11.0;
				MTL_ENABLE_DEBUG_INFO = NO;
				SDKROOT = iphoneos;
				SWIFT_OPTIMIZATION_LEVEL = "-Owholemodule";
				VALIDATE_PRODUCT = YES;
			};
			name = Release;
		};
		8865E3471F4FF2E600175A8C /* Debug */ = {
			isa = XCBuildConfiguration;
			buildSettings = {
				ALWAYS_EMBED_SWIFT_STANDARD_LIBRARIES = YES;
				ASSETCATALOG_COMPILER_APPICON_NAME = AppIcon;
				INFOPLIST_FILE = ARKitSample/Info.plist;
				LD_RUNPATH_SEARCH_PATHS = "$(inherited) @executable_path/Frameworks";
				PRODUCT_BUNDLE_IDENTIFIER = is.handsome.ARKitSample;
				PRODUCT_NAME = "$(TARGET_NAME)";
				SWIFT_VERSION = 4.0;
				TARGETED_DEVICE_FAMILY = "1,2";
			};
			name = Debug;
		};
		8865E3481F4FF2E600175A8C /* Release */ = {
			isa = XCBuildConfiguration;
			buildSettings = {
				ALWAYS_EMBED_SWIFT_STANDARD_LIBRARIES = YES;
				ASSETCATALOG_COMPILER_APPICON_NAME = AppIcon;
				INFOPLIST_FILE = ARKitSample/Info.plist;
				LD_RUNPATH_SEARCH_PATHS = "$(inherited) @executable_path/Frameworks";
				PRODUCT_BUNDLE_IDENTIFIER = is.handsome.ARKitSample;
				PRODUCT_NAME = "$(TARGET_NAME)";
				SWIFT_VERSION = 4.0;
				TARGETED_DEVICE_FAMILY = "1,2";
			};
			name = Release;
		};
/* End XCBuildConfiguration section */

/* Begin XCConfigurationList section */
		8865E32D1F4FF2E600175A8C /* Build configuration list for PBXProject "ARKitSample" */ = {
			isa = XCConfigurationList;
			buildConfigurations = (
				8865E3441F4FF2E600175A8C /* Debug */,
				8865E3451F4FF2E600175A8C /* Release */,
			);
			defaultConfigurationIsVisible = 0;
			defaultConfigurationName = Release;
		};
		8865E3461F4FF2E600175A8C /* Build configuration list for PBXNativeTarget "ARKitSample" */ = {
			isa = XCConfigurationList;
			buildConfigurations = (
				8865E3471F4FF2E600175A8C /* Debug */,
				8865E3481F4FF2E600175A8C /* Release */,
			);
			defaultConfigurationIsVisible = 0;
			defaultConfigurationName = Release;
		};
/* End XCConfigurationList section */
	};
	rootObject = 8865E32A1F4FF2E600175A8C /* Project object */;
}
